
Microsoft Visual Studio Solution File, Format Version 12.00
# Visual Studio Version 17
VisualStudioVersion = 17.0.31423.177
MinimumVisualStudioVersion = 10.0.40219.1
Project("{9A19103F-16F7-4668-BE54-9A1E7A4F7556}") = "WorkoutTracker.Models", "WorkoutTracker.Models\WorkoutTracker.Models.csproj", "{F3946684-E047-46C7-B37E-00D1827B32C0}"
EndProject
Project("{9A19103F-16F7-4668-BE54-9A1E7A4F7556}") = "WorkoutTracker.ExercisesManager", "WorkoutTracker.ExercisesManager\WorkoutTracker.ExercisesManager.csproj", "{81B5FF29-A6D6-4097-93B2-82451E8E4244}"
EndProject
Project("{9A19103F-16F7-4668-BE54-9A1E7A4F7556}") = "WorkoutTracker.MAUI", "WorkoutTracker.MAUI\WorkoutTracker.MAUI.csproj", "{F94F3B7D-D92C-4ACB-80C1-90D8250BB613}"
EndProject
Project("{9A19103F-16F7-4668-BE54-9A1E7A4F7556}") = "Sharp.CSS.Blazor", "..\Sharp.CSS\src\Sharp.CSS.Blazor\Sharp.CSS.Blazor.csproj", "{8FAC46E1-E841-4B7E-87F1-9E5901C75C0E}"
EndProject
Project("{2150E333-8FDC-42A3-9474-1A3956D46DE8}") = "CSS", "CSS", "{98A71474-D44A-42F5-A49A-7258EB711E1B}"
EndProject
Project("{9A19103F-16F7-4668-BE54-9A1E7A4F7556}") = "Sharp.CSS", "..\Sharp.CSS\src\Sharp.CSS\Sharp.CSS.csproj", "{2FBA87CD-B6E5-4867-B715-2AB1EBC1833B}"
EndProject
Project("{9A19103F-16F7-4668-BE54-9A1E7A4F7556}") = "Sharp.CSS.Generators", "..\Sharp.CSS\src\Sharp.CSS.Generators\Sharp.CSS.Generators.csproj", "{B019B0FA-52BC-4783-9371-B67F080039A3}"
EndProject
Project("{9A19103F-16F7-4668-BE54-9A1E7A4F7556}") = "WorkoutTracker.Functions", "WorkoutTracker.Functions\WorkoutTracker.Functions.csproj", "{6E084155-D7A0-46F4-9FD3-22F5B1124304}"
EndProject
Global
	GlobalSection(SolutionConfigurationPlatforms) = preSolution
		Debug|Any CPU = Debug|Any CPU
		Debug|arm64 = Debug|arm64
		Debug|x64 = Debug|x64
		Debug|x86 = Debug|x86
		Release|Any CPU = Release|Any CPU
		Release|arm64 = Release|arm64
		Release|x64 = Release|x64
		Release|x86 = Release|x86
	EndGlobalSection
	GlobalSection(ProjectConfigurationPlatforms) = postSolution
		{F3946684-E047-46C7-B37E-00D1827B32C0}.Debug|Any CPU.ActiveCfg = Debug|Any CPU
		{F3946684-E047-46C7-B37E-00D1827B32C0}.Debug|Any CPU.Build.0 = Debug|Any CPU
		{F3946684-E047-46C7-B37E-00D1827B32C0}.Debug|arm64.ActiveCfg = Debug|Any CPU
		{F3946684-E047-46C7-B37E-00D1827B32C0}.Debug|arm64.Build.0 = Debug|Any CPU
		{F3946684-E047-46C7-B37E-00D1827B32C0}.Debug|x64.ActiveCfg = Debug|Any CPU
		{F3946684-E047-46C7-B37E-00D1827B32C0}.Debug|x64.Build.0 = Debug|Any CPU
		{F3946684-E047-46C7-B37E-00D1827B32C0}.Debug|x86.ActiveCfg = Debug|Any CPU
		{F3946684-E047-46C7-B37E-00D1827B32C0}.Debug|x86.Build.0 = Debug|Any CPU
		{F3946684-E047-46C7-B37E-00D1827B32C0}.Release|Any CPU.ActiveCfg = Release|Any CPU
		{F3946684-E047-46C7-B37E-00D1827B32C0}.Release|Any CPU.Build.0 = Release|Any CPU
		{F3946684-E047-46C7-B37E-00D1827B32C0}.Release|arm64.ActiveCfg = Release|Any CPU
		{F3946684-E047-46C7-B37E-00D1827B32C0}.Release|arm64.Build.0 = Release|Any CPU
		{F3946684-E047-46C7-B37E-00D1827B32C0}.Release|x64.ActiveCfg = Release|Any CPU
		{F3946684-E047-46C7-B37E-00D1827B32C0}.Release|x64.Build.0 = Release|Any CPU
		{F3946684-E047-46C7-B37E-00D1827B32C0}.Release|x86.ActiveCfg = Release|Any CPU
		{F3946684-E047-46C7-B37E-00D1827B32C0}.Release|x86.Build.0 = Release|Any CPU
		{81B5FF29-A6D6-4097-93B2-82451E8E4244}.Debug|Any CPU.ActiveCfg = Debug|Any CPU
		{81B5FF29-A6D6-4097-93B2-82451E8E4244}.Debug|Any CPU.Build.0 = Debug|Any CPU
		{81B5FF29-A6D6-4097-93B2-82451E8E4244}.Debug|arm64.ActiveCfg = Debug|Any CPU
		{81B5FF29-A6D6-4097-93B2-82451E8E4244}.Debug|arm64.Build.0 = Debug|Any CPU
		{81B5FF29-A6D6-4097-93B2-82451E8E4244}.Debug|x64.ActiveCfg = Debug|Any CPU
		{81B5FF29-A6D6-4097-93B2-82451E8E4244}.Debug|x64.Build.0 = Debug|Any CPU
		{81B5FF29-A6D6-4097-93B2-82451E8E4244}.Debug|x86.ActiveCfg = Debug|Any CPU
		{81B5FF29-A6D6-4097-93B2-82451E8E4244}.Debug|x86.Build.0 = Debug|Any CPU
		{81B5FF29-A6D6-4097-93B2-82451E8E4244}.Release|Any CPU.ActiveCfg = Release|Any CPU
		{81B5FF29-A6D6-4097-93B2-82451E8E4244}.Release|Any CPU.Build.0 = Release|Any CPU
		{81B5FF29-A6D6-4097-93B2-82451E8E4244}.Release|arm64.ActiveCfg = Release|Any CPU
		{81B5FF29-A6D6-4097-93B2-82451E8E4244}.Release|arm64.Build.0 = Release|Any CPU
		{81B5FF29-A6D6-4097-93B2-82451E8E4244}.Release|x64.ActiveCfg = Release|Any CPU
		{81B5FF29-A6D6-4097-93B2-82451E8E4244}.Release|x64.Build.0 = Release|Any CPU
		{81B5FF29-A6D6-4097-93B2-82451E8E4244}.Release|x86.ActiveCfg = Release|Any CPU
		{81B5FF29-A6D6-4097-93B2-82451E8E4244}.Release|x86.Build.0 = Release|Any CPU
		{F94F3B7D-D92C-4ACB-80C1-90D8250BB613}.Debug|Any CPU.ActiveCfg = Debug|Any CPU
		{F94F3B7D-D92C-4ACB-80C1-90D8250BB613}.Debug|Any CPU.Build.0 = Debug|Any CPU
		{F94F3B7D-D92C-4ACB-80C1-90D8250BB613}.Debug|Any CPU.Deploy.0 = Debug|Any CPU
		{F94F3B7D-D92C-4ACB-80C1-90D8250BB613}.Debug|arm64.ActiveCfg = Debug|Any CPU
		{F94F3B7D-D92C-4ACB-80C1-90D8250BB613}.Debug|arm64.Build.0 = Debug|Any CPU
		{F94F3B7D-D92C-4ACB-80C1-90D8250BB613}.Debug|arm64.Deploy.0 = Debug|Any CPU
		{F94F3B7D-D92C-4ACB-80C1-90D8250BB613}.Debug|x64.ActiveCfg = Debug|Any CPU
		{F94F3B7D-D92C-4ACB-80C1-90D8250BB613}.Debug|x64.Build.0 = Debug|Any CPU
		{F94F3B7D-D92C-4ACB-80C1-90D8250BB613}.Debug|x64.Deploy.0 = Debug|Any CPU
		{F94F3B7D-D92C-4ACB-80C1-90D8250BB613}.Debug|x86.ActiveCfg = Debug|Any CPU
		{F94F3B7D-D92C-4ACB-80C1-90D8250BB613}.Debug|x86.Build.0 = Debug|Any CPU
		{F94F3B7D-D92C-4ACB-80C1-90D8250BB613}.Debug|x86.Deploy.0 = Debug|Any CPU
		{F94F3B7D-D92C-4ACB-80C1-90D8250BB613}.Release|Any CPU.ActiveCfg = Release|Any CPU
		{F94F3B7D-D92C-4ACB-80C1-90D8250BB613}.Release|Any CPU.Build.0 = Release|Any CPU
		{F94F3B7D-D92C-4ACB-80C1-90D8250BB613}.Release|Any CPU.Deploy.0 = Release|Any CPU
		{F94F3B7D-D92C-4ACB-80C1-90D8250BB613}.Release|arm64.ActiveCfg = Release|Any CPU
		{F94F3B7D-D92C-4ACB-80C1-90D8250BB613}.Release|arm64.Build.0 = Release|Any CPU
		{F94F3B7D-D92C-4ACB-80C1-90D8250BB613}.Release|arm64.Deploy.0 = Release|Any CPU
		{F94F3B7D-D92C-4ACB-80C1-90D8250BB613}.Release|x64.ActiveCfg = Release|Any CPU
		{F94F3B7D-D92C-4ACB-80C1-90D8250BB613}.Release|x64.Build.0 = Release|Any CPU
		{F94F3B7D-D92C-4ACB-80C1-90D8250BB613}.Release|x64.Deploy.0 = Release|Any CPU
		{F94F3B7D-D92C-4ACB-80C1-90D8250BB613}.Release|x86.ActiveCfg = Release|Any CPU
		{F94F3B7D-D92C-4ACB-80C1-90D8250BB613}.Release|x86.Build.0 = Release|Any CPU
		{F94F3B7D-D92C-4ACB-80C1-90D8250BB613}.Release|x86.Deploy.0 = Release|Any CPU
		{8FAC46E1-E841-4B7E-87F1-9E5901C75C0E}.Debug|Any CPU.ActiveCfg = Debug|Any CPU
		{8FAC46E1-E841-4B7E-87F1-9E5901C75C0E}.Debug|Any CPU.Build.0 = Debug|Any CPU
		{8FAC46E1-E841-4B7E-87F1-9E5901C75C0E}.Debug|arm64.ActiveCfg = Debug|Any CPU
		{8FAC46E1-E841-4B7E-87F1-9E5901C75C0E}.Debug|arm64.Build.0 = Debug|Any CPU
		{8FAC46E1-E841-4B7E-87F1-9E5901C75C0E}.Debug|x64.ActiveCfg = Debug|Any CPU
		{8FAC46E1-E841-4B7E-87F1-9E5901C75C0E}.Debug|x64.Build.0 = Debug|Any CPU
		{8FAC46E1-E841-4B7E-87F1-9E5901C75C0E}.Debug|x86.ActiveCfg = Debug|Any CPU
		{8FAC46E1-E841-4B7E-87F1-9E5901C75C0E}.Debug|x86.Build.0 = Debug|Any CPU
		{8FAC46E1-E841-4B7E-87F1-9E5901C75C0E}.Release|Any CPU.ActiveCfg = Release|Any CPU
		{8FAC46E1-E841-4B7E-87F1-9E5901C75C0E}.Release|Any CPU.Build.0 = Release|Any CPU
		{8FAC46E1-E841-4B7E-87F1-9E5901C75C0E}.Release|arm64.ActiveCfg = Release|Any CPU
		{8FAC46E1-E841-4B7E-87F1-9E5901C75C0E}.Release|arm64.Build.0 = Release|Any CPU
		{8FAC46E1-E841-4B7E-87F1-9E5901C75C0E}.Release|x64.ActiveCfg = Release|Any CPU
		{8FAC46E1-E841-4B7E-87F1-9E5901C75C0E}.Release|x64.Build.0 = Release|Any CPU
		{8FAC46E1-E841-4B7E-87F1-9E5901C75C0E}.Release|x86.ActiveCfg = Release|Any CPU
		{8FAC46E1-E841-4B7E-87F1-9E5901C75C0E}.Release|x86.Build.0 = Release|Any CPU
		{2FBA87CD-B6E5-4867-B715-2AB1EBC1833B}.Debug|Any CPU.ActiveCfg = Debug|Any CPU
		{2FBA87CD-B6E5-4867-B715-2AB1EBC1833B}.Debug|Any CPU.Build.0 = Debug|Any CPU
		{2FBA87CD-B6E5-4867-B715-2AB1EBC1833B}.Debug|arm64.ActiveCfg = Debug|Any CPU
		{2FBA87CD-B6E5-4867-B715-2AB1EBC1833B}.Debug|arm64.Build.0 = Debug|Any CPU
		{2FBA87CD-B6E5-4867-B715-2AB1EBC1833B}.Debug|x64.ActiveCfg = Debug|Any CPU
		{2FBA87CD-B6E5-4867-B715-2AB1EBC1833B}.Debug|x64.Build.0 = Debug|Any CPU
		{2FBA87CD-B6E5-4867-B715-2AB1EBC1833B}.Debug|x86.ActiveCfg = Debug|Any CPU
		{2FBA87CD-B6E5-4867-B715-2AB1EBC1833B}.Debug|x86.Build.0 = Debug|Any CPU
		{2FBA87CD-B6E5-4867-B715-2AB1EBC1833B}.Release|Any CPU.ActiveCfg = Release|Any CPU
		{2FBA87CD-B6E5-4867-B715-2AB1EBC1833B}.Release|Any CPU.Build.0 = Release|Any CPU
		{2FBA87CD-B6E5-4867-B715-2AB1EBC1833B}.Release|arm64.ActiveCfg = Release|Any CPU
		{2FBA87CD-B6E5-4867-B715-2AB1EBC1833B}.Release|arm64.Build.0 = Release|Any CPU
		{2FBA87CD-B6E5-4867-B715-2AB1EBC1833B}.Release|x64.ActiveCfg = Release|Any CPU
		{2FBA87CD-B6E5-4867-B715-2AB1EBC1833B}.Release|x64.Build.0 = Release|Any CPU
		{2FBA87CD-B6E5-4867-B715-2AB1EBC1833B}.Release|x86.ActiveCfg = Release|Any CPU
		{2FBA87CD-B6E5-4867-B715-2AB1EBC1833B}.Release|x86.Build.0 = Release|Any CPU
		{B019B0FA-52BC-4783-9371-B67F080039A3}.Debug|Any CPU.ActiveCfg = Debug|Any CPU
		{B019B0FA-52BC-4783-9371-B67F080039A3}.Debug|Any CPU.Build.0 = Debug|Any CPU
		{B019B0FA-52BC-4783-9371-B67F080039A3}.Debug|arm64.ActiveCfg = Debug|Any CPU
		{B019B0FA-52BC-4783-9371-B67F080039A3}.Debug|arm64.Build.0 = Debug|Any CPU
		{B019B0FA-52BC-4783-9371-B67F080039A3}.Debug|x64.ActiveCfg = Debug|Any CPU
		{B019B0FA-52BC-4783-9371-B67F080039A3}.Debug|x64.Build.0 = Debug|Any CPU
		{B019B0FA-52BC-4783-9371-B67F080039A3}.Debug|x86.ActiveCfg = Debug|Any CPU
		{B019B0FA-52BC-4783-9371-B67F080039A3}.Debug|x86.Build.0 = Debug|Any CPU
		{B019B0FA-52BC-4783-9371-B67F080039A3}.Release|Any CPU.ActiveCfg = Release|Any CPU
		{B019B0FA-52BC-4783-9371-B67F080039A3}.Release|Any CPU.Build.0 = Release|Any CPU
		{B019B0FA-52BC-4783-9371-B67F080039A3}.Release|arm64.ActiveCfg = Release|Any CPU
		{B019B0FA-52BC-4783-9371-B67F080039A3}.Release|arm64.Build.0 = Release|Any CPU
		{B019B0FA-52BC-4783-9371-B67F080039A3}.Release|x64.ActiveCfg = Release|Any CPU
		{B019B0FA-52BC-4783-9371-B67F080039A3}.Release|x64.Build.0 = Release|Any CPU
		{B019B0FA-52BC-4783-9371-B67F080039A3}.Release|x86.ActiveCfg = Release|Any CPU
		{B019B0FA-52BC-4783-9371-B67F080039A3}.Release|x86.Build.0 = Release|Any CPU
		{6E084155-D7A0-46F4-9FD3-22F5B1124304}.Debug|Any CPU.ActiveCfg = Debug|Any CPU
		{6E084155-D7A0-46F4-9FD3-22F5B1124304}.Debug|Any CPU.Build.0 = Debug|Any CPU
		{6E084155-D7A0-46F4-9FD3-22F5B1124304}.Debug|arm64.ActiveCfg = Debug|Any CPU
		{6E084155-D7A0-46F4-9FD3-22F5B1124304}.Debug|arm64.Build.0 = Debug|Any CPU
		{6E084155-D7A0-46F4-9FD3-22F5B1124304}.Debug|x64.ActiveCfg = Debug|Any CPU
		{6E084155-D7A0-46F4-9FD3-22F5B1124304}.Debug|x64.Build.0 = Debug|Any CPU
		{6E084155-D7A0-46F4-9FD3-22F5B1124304}.Debug|x86.ActiveCfg = Debug|Any CPU
		{6E084155-D7A0-46F4-9FD3-22F5B1124304}.Debug|x86.Build.0 = Debug|Any CPU
		{6E084155-D7A0-46F4-9FD3-22F5B1124304}.Release|Any CPU.ActiveCfg = Release|Any CPU
		{6E084155-D7A0-46F4-9FD3-22F5B1124304}.Release|Any CPU.Build.0 = Release|Any CPU
		{6E084155-D7A0-46F4-9FD3-22F5B1124304}.Release|arm64.ActiveCfg = Release|Any CPU
		{6E084155-D7A0-46F4-9FD3-22F5B1124304}.Release|arm64.Build.0 = Release|Any CPU
		{6E084155-D7A0-46F4-9FD3-22F5B1124304}.Release|x64.ActiveCfg = Release|Any CPU
		{6E084155-D7A0-46F4-9FD3-22F5B1124304}.Release|x64.Build.0 = Release|Any CPU
		{6E084155-D7A0-46F4-9FD3-22F5B1124304}.Release|x86.ActiveCfg = Release|Any CPU
		{6E084155-D7A0-46F4-9FD3-22F5B1124304}.Release|x86.Build.0 = Release|Any CPU
	EndGlobalSection
	GlobalSection(SolutionProperties) = preSolution
		HideSolutionNode = FALSE
	EndGlobalSection
	GlobalSection(NestedProjects) = preSolution
		{8FAC46E1-E841-4B7E-87F1-9E5901C75C0E} = {98A71474-D44A-42F5-A49A-7258EB711E1B}
		{2FBA87CD-B6E5-4867-B715-2AB1EBC1833B} = {98A71474-D44A-42F5-A49A-7258EB711E1B}
		{B019B0FA-52BC-4783-9371-B67F080039A3} = {98A71474-D44A-42F5-A49A-7258EB711E1B}
	EndGlobalSection
	GlobalSection(ExtensibilityGlobals) = postSolution
		SolutionGuid = {4A0D70EA-4114-4414-A8D2-270B4663ACD3}
	EndGlobalSection
EndGlobal
