
Microsoft Visual Studio Solution File, Format Version 12.00
# Visual Studio Version 17
VisualStudioVersion = 17.3.32519.111
MinimumVisualStudioVersion = 10.0.40219.1
Project("{9A19103F-16F7-4668-BE54-9A1E7A4F7556}") = "WorkoutTracker.Models", "WorkoutTracker.Models\WorkoutTracker.Models.csproj", "{F3946684-E047-46C7-B37E-00D1827B32C0}"
EndProject
Project("{9A19103F-16F7-4668-BE54-9A1E7A4F7556}") = "WorkoutTracker.MAUI", "WorkoutTracker.MAUI\WorkoutTracker.MAUI.csproj", "{F94F3B7D-D92C-4ACB-80C1-90D8250BB613}"
EndProject
Project("{9A19103F-16F7-4668-BE54-9A1E7A4F7556}") = "WorkoutTracker.Functions", "WorkoutTracker.Functions\WorkoutTracker.Functions.csproj", "{6E084155-D7A0-46F4-9FD3-22F5B1124304}"
EndProject
Project("{9A19103F-16F7-4668-BE54-9A1E7A4F7556}") = "WorkoutTracker.Tests", "WorkoutTracker.Tests\WorkoutTracker.Tests.csproj", "{C1B89FB1-F01A-4CFB-B6B0-47FDCB4D4D89}"
EndProject
Project("{9A19103F-16F7-4668-BE54-9A1E7A4F7556}") = "WorkoutTracker", "WorkoutTracker\WorkoutTracker.csproj", "{73F0A755-B847-47CF-8E28-628652D32E95}"
EndProject
Project("{9A19103F-16F7-4668-BE54-9A1E7A4F7556}") = "WorkoutTracker.Web", "WorkoutTracker.Web\WorkoutTracker.Web.csproj", "{423AE438-8528-41E0-AE96-774B6E68716F}"
EndProject
Project("{9A19103F-16F7-4668-BE54-9A1E7A4F7556}") = "_build", "build\_build.csproj", "{8C76A351-3871-40E8-9140-5DB524FEE5D7}"
EndProject
Project("{2150E333-8FDC-42A3-9474-1A3956D46DE8}") = "build", "build", "{45DF4815-A952-4F0F-B3BF-07FCBCFE8CF8}"
EndProject
Project("{2150E333-8FDC-42A3-9474-1A3956D46DE8}") = "src", "src", "{55A78DF5-2401-45B7-A692-5655BBF3498F}"
EndProject
Project("{2150E333-8FDC-42A3-9474-1A3956D46DE8}") = "test", "test", "{4A758A8A-EF2C-4E43-8855-5A2AD07D3CED}"
EndProject
Project("{FAE04EC0-301F-11D3-BF4B-00C04F79EFBC}") = "WorkoutTracker.Api", "WorkoutTracker.Api\WorkoutTracker.Api.csproj", "{08EBF0BF-13C7-4C41-94A1-749C8841CC19}"
EndProject
Global
	GlobalSection(SolutionConfigurationPlatforms) = preSolution
		Debug|Any CPU = Debug|Any CPU
		Release|Any CPU = Release|Any CPU
	EndGlobalSection
	GlobalSection(ProjectConfigurationPlatforms) = postSolution
		{F3946684-E047-46C7-B37E-00D1827B32C0}.Debug|Any CPU.ActiveCfg = Debug|Any CPU
		{F3946684-E047-46C7-B37E-00D1827B32C0}.Debug|Any CPU.Build.0 = Debug|Any CPU
		{F3946684-E047-46C7-B37E-00D1827B32C0}.Release|Any CPU.ActiveCfg = Release|Any CPU
		{F3946684-E047-46C7-B37E-00D1827B32C0}.Release|Any CPU.Build.0 = Release|Any CPU
		{F94F3B7D-D92C-4ACB-80C1-90D8250BB613}.Debug|Any CPU.ActiveCfg = Debug|Any CPU
		{F94F3B7D-D92C-4ACB-80C1-90D8250BB613}.Debug|Any CPU.Build.0 = Debug|Any CPU
		{F94F3B7D-D92C-4ACB-80C1-90D8250BB613}.Debug|Any CPU.Deploy.0 = Debug|Any CPU
		{F94F3B7D-D92C-4ACB-80C1-90D8250BB613}.Release|Any CPU.ActiveCfg = Release|Any CPU
		{F94F3B7D-D92C-4ACB-80C1-90D8250BB613}.Release|Any CPU.Build.0 = Release|Any CPU
		{F94F3B7D-D92C-4ACB-80C1-90D8250BB613}.Release|Any CPU.Deploy.0 = Release|Any CPU
		{6E084155-D7A0-46F4-9FD3-22F5B1124304}.Debug|Any CPU.ActiveCfg = Debug|Any CPU
		{6E084155-D7A0-46F4-9FD3-22F5B1124304}.Debug|Any CPU.Build.0 = Debug|Any CPU
		{6E084155-D7A0-46F4-9FD3-22F5B1124304}.Release|Any CPU.ActiveCfg = Release|Any CPU
		{6E084155-D7A0-46F4-9FD3-22F5B1124304}.Release|Any CPU.Build.0 = Release|Any CPU
		{C1B89FB1-F01A-4CFB-B6B0-47FDCB4D4D89}.Debug|Any CPU.ActiveCfg = Debug|Any CPU
		{C1B89FB1-F01A-4CFB-B6B0-47FDCB4D4D89}.Debug|Any CPU.Build.0 = Debug|Any CPU
		{C1B89FB1-F01A-4CFB-B6B0-47FDCB4D4D89}.Release|Any CPU.ActiveCfg = Release|Any CPU
		{C1B89FB1-F01A-4CFB-B6B0-47FDCB4D4D89}.Release|Any CPU.Build.0 = Release|Any CPU
		{73F0A755-B847-47CF-8E28-628652D32E95}.Debug|Any CPU.ActiveCfg = Debug|Any CPU
		{73F0A755-B847-47CF-8E28-628652D32E95}.Debug|Any CPU.Build.0 = Debug|Any CPU
		{73F0A755-B847-47CF-8E28-628652D32E95}.Release|Any CPU.ActiveCfg = Release|Any CPU
		{73F0A755-B847-47CF-8E28-628652D32E95}.Release|Any CPU.Build.0 = Release|Any CPU
		{423AE438-8528-41E0-AE96-774B6E68716F}.Debug|Any CPU.ActiveCfg = Debug|Any CPU
		{423AE438-8528-41E0-AE96-774B6E68716F}.Debug|Any CPU.Build.0 = Debug|Any CPU
		{423AE438-8528-41E0-AE96-774B6E68716F}.Release|Any CPU.ActiveCfg = Release|Any CPU
		{423AE438-8528-41E0-AE96-774B6E68716F}.Release|Any CPU.Build.0 = Release|Any CPU
		{8C76A351-3871-40E8-9140-5DB524FEE5D7}.Debug|Any CPU.ActiveCfg = Debug|Any CPU
		{8C76A351-3871-40E8-9140-5DB524FEE5D7}.Debug|Any CPU.Build.0 = Debug|Any CPU
		{8C76A351-3871-40E8-9140-5DB524FEE5D7}.Release|Any CPU.ActiveCfg = Release|Any CPU
		{08EBF0BF-13C7-4C41-94A1-749C8841CC19}.Debug|Any CPU.ActiveCfg = Debug|Any CPU
		{08EBF0BF-13C7-4C41-94A1-749C8841CC19}.Debug|Any CPU.Build.0 = Debug|Any CPU
		{08EBF0BF-13C7-4C41-94A1-749C8841CC19}.Release|Any CPU.ActiveCfg = Release|Any CPU
		{08EBF0BF-13C7-4C41-94A1-749C8841CC19}.Release|Any CPU.Build.0 = Release|Any CPU
	EndGlobalSection
	GlobalSection(SolutionProperties) = preSolution
		HideSolutionNode = FALSE
	EndGlobalSection
	GlobalSection(NestedProjects) = preSolution
		{F3946684-E047-46C7-B37E-00D1827B32C0} = {55A78DF5-2401-45B7-A692-5655BBF3498F}
		{F94F3B7D-D92C-4ACB-80C1-90D8250BB613} = {55A78DF5-2401-45B7-A692-5655BBF3498F}
		{6E084155-D7A0-46F4-9FD3-22F5B1124304} = {55A78DF5-2401-45B7-A692-5655BBF3498F}
		{C1B89FB1-F01A-4CFB-B6B0-47FDCB4D4D89} = {4A758A8A-EF2C-4E43-8855-5A2AD07D3CED}
		{73F0A755-B847-47CF-8E28-628652D32E95} = {55A78DF5-2401-45B7-A692-5655BBF3498F}
		{423AE438-8528-41E0-AE96-774B6E68716F} = {55A78DF5-2401-45B7-A692-5655BBF3498F}
		{8C76A351-3871-40E8-9140-5DB524FEE5D7} = {45DF4815-A952-4F0F-B3BF-07FCBCFE8CF8}
		{08EBF0BF-13C7-4C41-94A1-749C8841CC19} = {55A78DF5-2401-45B7-A692-5655BBF3498F}
	EndGlobalSection
	GlobalSection(ExtensibilityGlobals) = postSolution
		SolutionGuid = {4A0D70EA-4114-4414-A8D2-270B4663ACD3}
	EndGlobalSection
EndGlobal
